
Microsoft Visual Studio Solution File, Format Version 12.00
# Visual Studio Version 17
VisualStudioVersion = 17.6.33815.320
MinimumVisualStudioVersion = 10.0.40219.1
Project("{FAE04EC0-301F-11D3-BF4B-00C04F79EFBC}") = "GE_STOCK", "GE_STOCK\GE_STOCK.csproj", "{152D8115-B3BC-4D36-A06E-765BE14A56D7}"
EndProject
Global
	GlobalSection(SolutionConfigurationPlatforms) = preSolution
		Debug|Any CPU = Debug|Any CPU
		Release|Any CPU = Release|Any CPU
	EndGlobalSection
	GlobalSection(ProjectConfigurationPlatforms) = postSolution
		{152D8115-B3BC-4D36-A06E-765BE14A56D7}.Debug|Any CPU.ActiveCfg = Debug|Any CPU
		{152D8115-B3BC-4D36-A06E-765BE14A56D7}.Debug|Any CPU.Build.0 = Debug|Any CPU
		{152D8115-B3BC-4D36-A06E-765BE14A56D7}.Release|Any CPU.ActiveCfg = Release|Any CPU
		{152D8115-B3BC-4D36-A06E-765BE14A56D7}.Release|Any CPU.Build.0 = Release|Any CPU
	EndGlobalSection
	GlobalSection(SolutionProperties) = preSolution
		HideSolutionNode = FALSE
	EndGlobalSection
	GlobalSection(ExtensibilityGlobals) = postSolution
		SolutionGuid = {FBE93F80-9C8F-4149-9848-A1DB6B752A07}
	EndGlobalSection
EndGlobal
